// !$*UTF8*$!
{
	archiveVersion = 1;
	classes = {
	};
	objectVersion = 50;
	objects = {

/* Begin PBXBuildFile section */
		64797BF522EF899100DD8B22 /* AppDelegate.swift in Sources */ = {isa = PBXBuildFile; fileRef = 64797BF422EF899100DD8B22 /* AppDelegate.swift */; };
		64797BF722EF899100DD8B22 /* ViewController.swift in Sources */ = {isa = PBXBuildFile; fileRef = 64797BF622EF899100DD8B22 /* ViewController.swift */; };
		64797BFA22EF899100DD8B22 /* Main.storyboard in Resources */ = {isa = PBXBuildFile; fileRef = 64797BF822EF899100DD8B22 /* Main.storyboard */; };
		64797BFC22EF899200DD8B22 /* Assets.xcassets in Resources */ = {isa = PBXBuildFile; fileRef = 64797BFB22EF899200DD8B22 /* Assets.xcassets */; };
		64797BFF22EF899200DD8B22 /* LaunchScreen.storyboard in Resources */ = {isa = PBXBuildFile; fileRef = 64797BFD22EF899200DD8B22 /* LaunchScreen.storyboard */; };
		86A5A8AF8BB71A6BECEFB14E /* Pods_tokenFieldExample.framework in Frameworks */ = {isa = PBXBuildFile; fileRef = 7DB179D8F61B4C2293995D70 /* Pods_tokenFieldExample.framework */; };
/* End PBXBuildFile section */

/* Begin PBXFileReference section */
		2A244845C176C8B7BF7BC8B7 /* Pods-tokenFieldExample.debug.xcconfig */ = {isa = PBXFileReference; includeInIndex = 1; lastKnownFileType = text.xcconfig; name = "Pods-tokenFieldExample.debug.xcconfig"; path = "Target Support Files/Pods-tokenFieldExample/Pods-tokenFieldExample.debug.xcconfig"; sourceTree = "<group>"; };
		64797BF122EF899100DD8B22 /* tokenFieldExample.app */ = {isa = PBXFileReference; explicitFileType = wrapper.application; includeInIndex = 0; path = tokenFieldExample.app; sourceTree = BUILT_PRODUCTS_DIR; };
		64797BF422EF899100DD8B22 /* AppDelegate.swift */ = {isa = PBXFileReference; lastKnownFileType = sourcecode.swift; path = AppDelegate.swift; sourceTree = "<group>"; };
		64797BF622EF899100DD8B22 /* ViewController.swift */ = {isa = PBXFileReference; lastKnownFileType = sourcecode.swift; path = ViewController.swift; sourceTree = "<group>"; };
		64797BF922EF899100DD8B22 /* Base */ = {isa = PBXFileReference; lastKnownFileType = file.storyboard; name = Base; path = Base.lproj/Main.storyboard; sourceTree = "<group>"; };
		64797BFB22EF899200DD8B22 /* Assets.xcassets */ = {isa = PBXFileReference; lastKnownFileType = folder.assetcatalog; path = Assets.xcassets; sourceTree = "<group>"; };
		64797BFE22EF899200DD8B22 /* Base */ = {isa = PBXFileReference; lastKnownFileType = file.storyboard; name = Base; path = Base.lproj/LaunchScreen.storyboard; sourceTree = "<group>"; };
		64797C0022EF899200DD8B22 /* Info.plist */ = {isa = PBXFileReference; lastKnownFileType = text.plist.xml; path = Info.plist; sourceTree = "<group>"; };
		7DB179D8F61B4C2293995D70 /* Pods_tokenFieldExample.framework */ = {isa = PBXFileReference; explicitFileType = wrapper.framework; includeInIndex = 0; path = Pods_tokenFieldExample.framework; sourceTree = BUILT_PRODUCTS_DIR; };
		E3B6B9FEFC54DC38E75C501C /* Pods-tokenFieldExample.release.xcconfig */ = {isa = PBXFileReference; includeInIndex = 1; lastKnownFileType = text.xcconfig; name = "Pods-tokenFieldExample.release.xcconfig"; path = "Target Support Files/Pods-tokenFieldExample/Pods-tokenFieldExample.release.xcconfig"; sourceTree = "<group>"; };
/* End PBXFileReference section */

/* Begin PBXFrameworksBuildPhase section */
		64797BEE22EF899100DD8B22 /* Frameworks */ = {
			isa = PBXFrameworksBuildPhase;
			buildActionMask = 2147483647;
			files = (
				86A5A8AF8BB71A6BECEFB14E /* Pods_tokenFieldExample.framework in Frameworks */,
			);
			runOnlyForDeploymentPostprocessing = 0;
		};
/* End PBXFrameworksBuildPhase section */

/* Begin PBXGroup section */
		64797BE822EF899100DD8B22 = {
			isa = PBXGroup;
			children = (
				64797BF322EF899100DD8B22 /* tokenFieldExample */,
				64797BF222EF899100DD8B22 /* Products */,
				8B2EAF360FA78EEF276327F8 /* Pods */,
				D8E54460022E17209FFF763A /* Frameworks */,
			);
			sourceTree = "<group>";
		};
		64797BF222EF899100DD8B22 /* Products */ = {
			isa = PBXGroup;
			children = (
				64797BF122EF899100DD8B22 /* tokenFieldExample.app */,
			);
			name = Products;
			sourceTree = "<group>";
		};
		64797BF322EF899100DD8B22 /* tokenFieldExample */ = {
			isa = PBXGroup;
			children = (
				64797BF422EF899100DD8B22 /* AppDelegate.swift */,
				64797BF622EF899100DD8B22 /* ViewController.swift */,
				64797BF822EF899100DD8B22 /* Main.storyboard */,
				64797BFB22EF899200DD8B22 /* Assets.xcassets */,
				64797BFD22EF899200DD8B22 /* LaunchScreen.storyboard */,
				64797C0022EF899200DD8B22 /* Info.plist */,
			);
			path = tokenFieldExample;
			sourceTree = "<group>";
		};
		8B2EAF360FA78EEF276327F8 /* Pods */ = {
			isa = PBXGroup;
			children = (
				2A244845C176C8B7BF7BC8B7 /* Pods-tokenFieldExample.debug.xcconfig */,
				E3B6B9FEFC54DC38E75C501C /* Pods-tokenFieldExample.release.xcconfig */,
			);
			name = Pods;
			path = Pods;
			sourceTree = "<group>";
		};
		D8E54460022E17209FFF763A /* Frameworks */ = {
			isa = PBXGroup;
			children = (
				7DB179D8F61B4C2293995D70 /* Pods_tokenFieldExample.framework */,
			);
			name = Frameworks;
			sourceTree = "<group>";
		};
/* End PBXGroup section */

/* Begin PBXNativeTarget section */
		64797BF022EF899100DD8B22 /* tokenFieldExample */ = {
			isa = PBXNativeTarget;
			buildConfigurationList = 64797C0322EF899200DD8B22 /* Build configuration list for PBXNativeTarget "tokenFieldExample" */;
			buildPhases = (
				2798A0D2A88FDAF2B1299088 /* [CP] Check Pods Manifest.lock */,
				64797BED22EF899100DD8B22 /* Sources */,
				64797BEE22EF899100DD8B22 /* Frameworks */,
				64797BEF22EF899100DD8B22 /* Resources */,
				119A96EC3554E6ED6A5F80AA /* [CP] Embed Pods Frameworks */,
			);
			buildRules = (
			);
			dependencies = (
			);
			name = tokenFieldExample;
			productName = tokenFieldExample;
			productReference = 64797BF122EF899100DD8B22 /* tokenFieldExample.app */;
			productType = "com.apple.product-type.application";
		};
/* End PBXNativeTarget section */

/* Begin PBXProject section */
		64797BE922EF899100DD8B22 /* Project object */ = {
			isa = PBXProject;
			attributes = {
				LastSwiftUpdateCheck = 1010;
				LastUpgradeCheck = 1010;
				ORGANIZATIONNAME = "Avaneen Pinninti";
				TargetAttributes = {
					64797BF022EF899100DD8B22 = {
						CreatedOnToolsVersion = 10.1;
					};
				};
			};
			buildConfigurationList = 64797BEC22EF899100DD8B22 /* Build configuration list for PBXProject "tokenFieldExample" */;
			compatibilityVersion = "Xcode 9.3";
			developmentRegion = en;
			hasScannedForEncodings = 0;
			knownRegions = (
				en,
				Base,
			);
			mainGroup = 64797BE822EF899100DD8B22;
			productRefGroup = 64797BF222EF899100DD8B22 /* Products */;
			projectDirPath = "";
			projectRoot = "";
			targets = (
				64797BF022EF899100DD8B22 /* tokenFieldExample */,
			);
		};
/* End PBXProject section */

/* Begin PBXResourcesBuildPhase section */
		64797BEF22EF899100DD8B22 /* Resources */ = {
			isa = PBXResourcesBuildPhase;
			buildActionMask = 2147483647;
			files = (
				64797BFF22EF899200DD8B22 /* LaunchScreen.storyboard in Resources */,
				64797BFC22EF899200DD8B22 /* Assets.xcassets in Resources */,
				64797BFA22EF899100DD8B22 /* Main.storyboard in Resources */,
			);
			runOnlyForDeploymentPostprocessing = 0;
		};
/* End PBXResourcesBuildPhase section */

/* Begin PBXShellScriptBuildPhase section */
		119A96EC3554E6ED6A5F80AA /* [CP] Embed Pods Frameworks */ = {
			isa = PBXShellScriptBuildPhase;
			buildActionMask = 2147483647;
			files = (
			);
			inputFileListPaths = (
				"${PODS_ROOT}/Target Support Files/Pods-tokenFieldExample/Pods-tokenFieldExample-frameworks-${CONFIGURATION}-input-files.xcfilelist",
			);
			name = "[CP] Embed Pods Frameworks";
			outputFileListPaths = (
				"${PODS_ROOT}/Target Support Files/Pods-tokenFieldExample/Pods-tokenFieldExample-frameworks-${CONFIGURATION}-output-files.xcfilelist",
			);
			runOnlyForDeploymentPostprocessing = 0;
			shellPath = /bin/sh;
			shellScript = "\"${PODS_ROOT}/Target Support Files/Pods-tokenFieldExample/Pods-tokenFieldExample-frameworks.sh\"\n";
			showEnvVarsInLog = 0;
		};
		2798A0D2A88FDAF2B1299088 /* [CP] Check Pods Manifest.lock */ = {
			isa = PBXShellScriptBuildPhase;
			buildActionMask = 2147483647;
			files = (
			);
			inputFileListPaths = (
			);
			inputPaths = (
				"${PODS_PODFILE_DIR_PATH}/Podfile.lock",
				"${PODS_ROOT}/Manifest.lock",
			);
			name = "[CP] Check Pods Manifest.lock";
			outputFileListPaths = (
			);
			outputPaths = (
				"$(DERIVED_FILE_DIR)/Pods-tokenFieldExample-checkManifestLockResult.txt",
			);
			runOnlyForDeploymentPostprocessing = 0;
			shellPath = /bin/sh;
			shellScript = "diff \"${PODS_PODFILE_DIR_PATH}/Podfile.lock\" \"${PODS_ROOT}/Manifest.lock\" > /dev/null\nif [ $? != 0 ] ; then\n    # print error to STDERR\n    echo \"error: The sandbox is not in sync with the Podfile.lock. Run 'pod install' or update your CocoaPods installation.\" >&2\n    exit 1\nfi\n# This output is used by Xcode 'outputs' to avoid re-running this script phase.\necho \"SUCCESS\" > \"${SCRIPT_OUTPUT_FILE_0}\"\n";
			showEnvVarsInLog = 0;
		};
/* End PBXShellScriptBuildPhase section */

/* Begin PBXSourcesBuildPhase section */
		64797BED22EF899100DD8B22 /* Sources */ = {
			isa = PBXSourcesBuildPhase;
			buildActionMask = 2147483647;
			files = (
				64797BF722EF899100DD8B22 /* ViewController.swift in Sources */,
				64797BF522EF899100DD8B22 /* AppDelegate.swift in Sources */,
			);
			runOnlyForDeploymentPostprocessing = 0;
		};
/* End PBXSourcesBuildPhase section */

/* Begin PBXVariantGroup section */
		64797BF822EF899100DD8B22 /* Main.storyboard */ = {
			isa = PBXVariantGroup;
			children = (
				64797BF922EF899100DD8B22 /* Base */,
			);
			name = Main.storyboard;
			sourceTree = "<group>";
		};
		64797BFD22EF899200DD8B22 /* LaunchScreen.storyboard */ = {
			isa = PBXVariantGroup;
			children = (
				64797BFE22EF899200DD8B22 /* Base */,
			);
			name = LaunchScreen.storyboard;
			sourceTree = "<group>";
		};
/* End PBXVariantGroup section */

/* Begin XCBuildConfiguration section */
		64797C0122EF899200DD8B22 /* Debug */ = {
			isa = XCBuildConfiguration;
			buildSettings = {
				ALWAYS_SEARCH_USER_PATHS = NO;
				CLANG_ANALYZER_NONNULL = YES;
				CLANG_ANALYZER_NUMBER_OBJECT_CONVERSION = YES_AGGRESSIVE;
				CLANG_CXX_LANGUAGE_STANDARD = "gnu++14";
				CLANG_CXX_LIBRARY = "libc++";
				CLANG_ENABLE_MODULES = YES;
				CLANG_ENABLE_OBJC_ARC = YES;
				CLANG_ENABLE_OBJC_WEAK = YES;
				CLANG_WARN_BLOCK_CAPTURE_AUTORELEASING = YES;
				CLANG_WARN_BOOL_CONVERSION = YES;
				CLANG_WARN_COMMA = YES;
				CLANG_WARN_CONSTANT_CONVERSION = YES;
				CLANG_WARN_DEPRECATED_OBJC_IMPLEMENTATIONS = YES;
				CLANG_WARN_DIRECT_OBJC_ISA_USAGE = YES_ERROR;
				CLANG_WARN_DOCUMENTATION_COMMENTS = YES;
				CLANG_WARN_EMPTY_BODY = YES;
				CLANG_WARN_ENUM_CONVERSION = YES;
				CLANG_WARN_INFINITE_RECURSION = YES;
				CLANG_WARN_INT_CONVERSION = YES;
				CLANG_WARN_NON_LITERAL_NULL_CONVERSION = YES;
				CLANG_WARN_OBJC_IMPLICIT_RETAIN_SELF = YES;
				CLANG_WARN_OBJC_LITERAL_CONVERSION = YES;
				CLANG_WARN_OBJC_ROOT_CLASS = YES_ERROR;
				CLANG_WARN_RANGE_LOOP_ANALYSIS = YES;
				CLANG_WARN_STRICT_PROTOTYPES = YES;
				CLANG_WARN_SUSPICIOUS_MOVE = YES;
				CLANG_WARN_UNGUARDED_AVAILABILITY = YES_AGGRESSIVE;
				CLANG_WARN_UNREACHABLE_CODE = YES;
				CLANG_WARN__DUPLICATE_METHOD_MATCH = YES;
				CODE_SIGN_IDENTITY = "iPhone Developer";
				COPY_PHASE_STRIP = NO;
				DEBUG_INFORMATION_FORMAT = dwarf;
				ENABLE_STRICT_OBJC_MSGSEND = YES;
				ENABLE_TESTABILITY = YES;
				GCC_C_LANGUAGE_STANDARD = gnu11;
				GCC_DYNAMIC_NO_PIC = NO;
				GCC_NO_COMMON_BLOCKS = YES;
				GCC_OPTIMIZATION_LEVEL = 0;
				GCC_PREPROCESSOR_DEFINITIONS = (
					"DEBUG=1",
					"$(inherited)",
				);
				GCC_WARN_64_TO_32_BIT_CONVERSION = YES;
				GCC_WARN_ABOUT_RETURN_TYPE = YES_ERROR;
				GCC_WARN_UNDECLARED_SELECTOR = YES;
				GCC_WARN_UNINITIALIZED_AUTOS = YES_AGGRESSIVE;
				GCC_WARN_UNUSED_FUNCTION = YES;
				GCC_WARN_UNUSED_VARIABLE = YES;
				IPHONEOS_DEPLOYMENT_TARGET = 12.1;
				MTL_ENABLE_DEBUG_INFO = INCLUDE_SOURCE;
				MTL_FAST_MATH = YES;
				ONLY_ACTIVE_ARCH = YES;
				SDKROOT = iphoneos;
				SWIFT_ACTIVE_COMPILATION_CONDITIONS = DEBUG;
				SWIFT_OPTIMIZATION_LEVEL = "-Onone";
			};
			name = Debug;
		};
		64797C0222EF899200DD8B22 /* Release */ = {
			isa = XCBuildConfiguration;
			buildSettings = {
				ALWAYS_SEARCH_USER_PATHS = NO;
				CLANG_ANALYZER_NONNULL = YES;
				CLANG_ANALYZER_NUMBER_OBJECT_CONVERSION = YES_AGGRESSIVE;
				CLANG_CXX_LANGUAGE_STANDARD = "gnu++14";
				CLANG_CXX_LIBRARY = "libc++";
				CLANG_ENABLE_MODULES = YES;
				CLANG_ENABLE_OBJC_ARC = YES;
				CLANG_ENABLE_OBJC_WEAK = YES;
				CLANG_WARN_BLOCK_CAPTURE_AUTORELEASING = YES;
				CLANG_WARN_BOOL_CONVERSION = YES;
				CLANG_WARN_COMMA = YES;
				CLANG_WARN_CONSTANT_CONVERSION = YES;
				CLANG_WARN_DEPRECATED_OBJC_IMPLEMENTATIONS = YES;
				CLANG_WARN_DIRECT_OBJC_ISA_USAGE = YES_ERROR;
				CLANG_WARN_DOCUMENTATION_COMMENTS = YES;
				CLANG_WARN_EMPTY_BODY = YES;
				CLANG_WARN_ENUM_CONVERSION = YES;
				CLANG_WARN_INFINITE_RECURSION = YES;
				CLANG_WARN_INT_CONVERSION = YES;
				CLANG_WARN_NON_LITERAL_NULL_CONVERSION = YES;
				CLANG_WARN_OBJC_IMPLICIT_RETAIN_SELF = YES;
				CLANG_WARN_OBJC_LITERAL_CONVERSION = YES;
				CLANG_WARN_OBJC_ROOT_CLASS = YES_ERROR;
				CLANG_WARN_RANGE_LOOP_ANALYSIS = YES;
				CLANG_WARN_STRICT_PROTOTYPES = YES;
				CLANG_WARN_SUSPICIOUS_MOVE = YES;
				CLANG_WARN_UNGUARDED_AVAILABILITY = YES_AGGRESSIVE;
				CLANG_WARN_UNREACHABLE_CODE = YES;
				CLANG_WARN__DUPLICATE_METHOD_MATCH = YES;
				CODE_SIGN_IDENTITY = "iPhone Developer";
				COPY_PHASE_STRIP = NO;
				DEBUG_INFORMATION_FORMAT = "dwarf-with-dsym";
				ENABLE_NS_ASSERTIONS = NO;
				ENABLE_STRICT_OBJC_MSGSEND = YES;
				GCC_C_LANGUAGE_STANDARD = gnu11;
				GCC_NO_COMMON_BLOCKS = YES;
				GCC_WARN_64_TO_32_BIT_CONVERSION = YES;
				GCC_WARN_ABOUT_RETURN_TYPE = YES_ERROR;
				GCC_WARN_UNDECLARED_SELECTOR = YES;
				GCC_WARN_UNINITIALIZED_AUTOS = YES_AGGRESSIVE;
				GCC_WARN_UNUSED_FUNCTION = YES;
				GCC_WARN_UNUSED_VARIABLE = YES;
				IPHONEOS_DEPLOYMENT_TARGET = 12.1;
				MTL_ENABLE_DEBUG_INFO = NO;
				MTL_FAST_MATH = YES;
				SDKROOT = iphoneos;
				SWIFT_COMPILATION_MODE = wholemodule;
				SWIFT_OPTIMIZATION_LEVEL = "-O";
				VALIDATE_PRODUCT = YES;
			};
			name = Release;
		};
		64797C0422EF899200DD8B22 /* Debug */ = {
			isa = XCBuildConfiguration;
			baseConfigurationReference = 2A244845C176C8B7BF7BC8B7 /* Pods-tokenFieldExample.debug.xcconfig */;
			buildSettings = {
				ASSETCATALOG_COMPILER_APPICON_NAME = AppIcon;
				CODE_SIGN_STYLE = Automatic;
				DEVELOPMENT_TEAM = YZVX797D5W;
				INFOPLIST_FILE = tokenFieldExample/Info.plist;
				LD_RUNPATH_SEARCH_PATHS = (
					"$(inherited)",
					"@executable_path/Frameworks",
				);
				PRODUCT_BUNDLE_IDENTIFIER = com.example.tokenFieldExample;
				PRODUCT_NAME = "$(TARGET_NAME)";
				SWIFT_VERSION = 4.2;
				TARGETED_DEVICE_FAMILY = "1,2";
			};
			name = Debug;
		};
		64797C0522EF899200DD8B22 /* Release */ = {
			isa = XCBuildConfiguration;
			baseConfigurationReference = E3B6B9FEFC54DC38E75C501C /* Pods-tokenFieldExample.release.xcconfig */;
			buildSettings = {
				ASSETCATALOG_COMPILER_APPICON_NAME = AppIcon;
				CODE_SIGN_STYLE = Automatic;
				DEVELOPMENT_TEAM = YZVX797D5W;
				INFOPLIST_FILE = tokenFieldExample/Info.plist;
				LD_RUNPATH_SEARCH_PATHS = (
					"$(inherited)",
					"@executable_path/Frameworks",
				);
				PRODUCT_BUNDLE_IDENTIFIER = com.example.tokenFieldExample;
				PRODUCT_NAME = "$(TARGET_NAME)";
				SWIFT_VERSION = 4.2;
				TARGETED_DEVICE_FAMILY = "1,2";
			};
			name = Release;
		};
/* End XCBuildConfiguration section */

/* Begin XCConfigurationList section */
		64797BEC22EF899100DD8B22 /* Build configuration list for PBXProject "tokenFieldExample" */ = {
			isa = XCConfigurationList;
			buildConfigurations = (
				64797C0122EF899200DD8B22 /* Debug */,
				64797C0222EF899200DD8B22 /* Release */,
			);
			defaultConfigurationIsVisible = 0;
			defaultConfigurationName = Release;
		};
		64797C0322EF899200DD8B22 /* Build configuration list for PBXNativeTarget "tokenFieldExample" */ = {
			isa = XCConfigurationList;
			buildConfigurations = (
				64797C0422EF899200DD8B22 /* Debug */,
				64797C0522EF899200DD8B22 /* Release */,
			);
			defaultConfigurationIsVisible = 0;
			defaultConfigurationName = Release;
		};
/* End XCConfigurationList section */
	};
	rootObject = 64797BE922EF899100DD8B22 /* Project object */;
}
